
Microsoft Visual Studio Solution File, Format Version 12.00
# Visual Studio 2012
Project("{F184B08F-C81C-45F6-A57F-5ABD9991F28F}") = "FolderPackager", "FolderPackager\FolderPackager.vbproj", "{974160B2-E879-4F75-A38C-B15655E276BA}"
EndProject
Project("{F184B08F-C81C-45F6-A57F-5ABD9991F28F}") = "PREMIS", "..\ContentDMPackager\PREMIS\PREMIS.vbproj", "{164A9D55-4F5B-4B32-8D4C-90F044936FCA}"
EndProject
Project("{F184B08F-C81C-45F6-A57F-5ABD9991F28F}") = "MetadataUtilities", "..\ContentDMPackager\MetadataUtilities\MetadataUtilities.vbproj", "{D03D3545-EB61-43DF-9736-8D0502F3BE9D}"
EndProject
Project("{F184B08F-C81C-45F6-A57F-5ABD9991F28F}") = "LDAP", "..\ContentDMPackager\LDAP\LDAP.vbproj", "{E1F12AC9-D4FB-4C9C-BF1F-712B1FE2E667}"
EndProject
Project("{F184B08F-C81C-45F6-A57F-5ABD9991F28F}") = "Handler", "..\ContentDMPackager\Handler\Handler.vbproj", "{E13EFBD7-AAF9-46A4-A181-42303546C5DE}"
EndProject
Project("{F184B08F-C81C-45F6-A57F-5ABD9991F28F}") = "HandleClient", "..\ContentDMPackager\HandleClient\HandleClient.vbproj", "{A8B9F624-4EEA-47BA-9D45-60933CCE623A}"
EndProject
Project("{F184B08F-C81C-45F6-A57F-5ABD9991F28F}") = "FITS", "FITS\FITS.vbproj", "{B84D139C-6E34-4513-BC05-5956779E5375}"
EndProject
Project("{F184B08F-C81C-45F6-A57F-5ABD9991F28F}") = "CollectionsRegistry", "CollectionsRegistry\CollectionsRegistry.vbproj", "{178E628C-C603-40BE-B7BA-BA096F9DA990}"
EndProject
Project("{F184B08F-C81C-45F6-A57F-5ABD9991F28F}") = "FolderPackagerGui", "FolderPackagerGui\FolderPackagerGui.vbproj", "{FA3D22CF-B2F1-47FE-9F89-97D7DB0D7B23}"
EndProject
Project("{F184B08F-C81C-45F6-A57F-5ABD9991F28F}") = "PremisTest", "PremisTest\PremisTest.vbproj", "{E3957CA2-171E-4D77-94A0-825331302414}"
EndProject
Project("{2150E333-8FDC-42A3-9474-1A3956D46DE8}") = "Solution Items", "Solution Items", "{03659F78-091E-4C99-B82C-D2480EE644F0}"
	ProjectSection(SolutionItems) = preProject
		FolderPackager.vsmdi = FolderPackager.vsmdi
		Local.testsettings = Local.testsettings
		TraceAndTestImpact.testsettings = TraceAndTestImpact.testsettings
	EndProjectSection
EndProject
Project("{F184B08F-C81C-45F6-A57F-5ABD9991F28F}") = "MARCVocabulary", "MARCVocabulary\MARCVocabulary.vbproj", "{A5BEF2BC-2527-4FE1-B363-252A55319470}"
EndProject
Project("{F184B08F-C81C-45F6-A57F-5ABD9991F28F}") = "NetFedora", "NetFedora\NetFedora.vbproj", "{5BAB8A19-A3A4-4604-AA6F-3E42CA74922B}"
EndProject
Project("{F184B08F-C81C-45F6-A57F-5ABD9991F28F}") = "NetFedoraTest", "NetFedoraTest\NetFedoraTest.vbproj", "{0CF546C4-652D-495B-A3A5-49F4D82E29B0}"
EndProject
Project("{F184B08F-C81C-45F6-A57F-5ABD9991F28F}") = "IdManagement", "IdManager\IdManagement.vbproj", "{D1078074-30BB-425B-BCE1-E90EF6AE7DBE}"
EndProject
Project("{F184B08F-C81C-45F6-A57F-5ABD9991F28F}") = "Medusa", "Medusa\Medusa.vbproj", "{CE8C3719-D278-4675-9DA7-0DF6665F66CA}"
EndProject
Project("{F184B08F-C81C-45F6-A57F-5ABD9991F28F}") = "CollectionsRegistryTest", "CollectionsRegistryTest\CollectionsRegistryTest.vbproj", "{E0F529E6-987E-42DE-90B1-587AB93080E1}"
EndProject
Project("{F184B08F-C81C-45F6-A57F-5ABD9991F28F}") = "FitsWebService", "FitsWebService\FitsWebService.vbproj", "{9E3282EF-7706-4627-98F8-D2E60FFAD360}"
EndProject
Global
	GlobalSection(TestCaseManagementSettings) = postSolution
		CategoryFile = FolderPackager.vsmdi
	EndGlobalSection
	GlobalSection(SolutionConfigurationPlatforms) = preSolution
		Debug|Any CPU = Debug|Any CPU
		Debug|Mixed Platforms = Debug|Mixed Platforms
		Debug|x86 = Debug|x86
		Release|Any CPU = Release|Any CPU
		Release|Mixed Platforms = Release|Mixed Platforms
		Release|x86 = Release|x86
	EndGlobalSection
	GlobalSection(ProjectConfigurationPlatforms) = postSolution
		{974160B2-E879-4F75-A38C-B15655E276BA}.Debug|Any CPU.ActiveCfg = Debug|x86
		{974160B2-E879-4F75-A38C-B15655E276BA}.Debug|Mixed Platforms.ActiveCfg = Debug|x86
		{974160B2-E879-4F75-A38C-B15655E276BA}.Debug|Mixed Platforms.Build.0 = Debug|x86
		{974160B2-E879-4F75-A38C-B15655E276BA}.Debug|x86.ActiveCfg = Debug|x86
		{974160B2-E879-4F75-A38C-B15655E276BA}.Debug|x86.Build.0 = Debug|x86
		{974160B2-E879-4F75-A38C-B15655E276BA}.Release|Any CPU.ActiveCfg = Release|x86
		{974160B2-E879-4F75-A38C-B15655E276BA}.Release|Mixed Platforms.ActiveCfg = Release|x86
		{974160B2-E879-4F75-A38C-B15655E276BA}.Release|Mixed Platforms.Build.0 = Release|x86
		{974160B2-E879-4F75-A38C-B15655E276BA}.Release|x86.ActiveCfg = Release|x86
		{974160B2-E879-4F75-A38C-B15655E276BA}.Release|x86.Build.0 = Release|x86
		{164A9D55-4F5B-4B32-8D4C-90F044936FCA}.Debug|Any CPU.ActiveCfg = Debug|Any CPU
		{164A9D55-4F5B-4B32-8D4C-90F044936FCA}.Debug|Any CPU.Build.0 = Debug|Any CPU
		{164A9D55-4F5B-4B32-8D4C-90F044936FCA}.Debug|Mixed Platforms.ActiveCfg = Debug|Any CPU
		{164A9D55-4F5B-4B32-8D4C-90F044936FCA}.Debug|Mixed Platforms.Build.0 = Debug|Any CPU
		{164A9D55-4F5B-4B32-8D4C-90F044936FCA}.Debug|x86.ActiveCfg = Debug|Any CPU
		{164A9D55-4F5B-4B32-8D4C-90F044936FCA}.Release|Any CPU.ActiveCfg = Release|Any CPU
		{164A9D55-4F5B-4B32-8D4C-90F044936FCA}.Release|Any CPU.Build.0 = Release|Any CPU
		{164A9D55-4F5B-4B32-8D4C-90F044936FCA}.Release|Mixed Platforms.ActiveCfg = Release|Any CPU
		{164A9D55-4F5B-4B32-8D4C-90F044936FCA}.Release|Mixed Platforms.Build.0 = Release|Any CPU
		{164A9D55-4F5B-4B32-8D4C-90F044936FCA}.Release|x86.ActiveCfg = Release|Any CPU
		{D03D3545-EB61-43DF-9736-8D0502F3BE9D}.Debug|Any CPU.ActiveCfg = Debug|Any CPU
		{D03D3545-EB61-43DF-9736-8D0502F3BE9D}.Debug|Any CPU.Build.0 = Debug|Any CPU
		{D03D3545-EB61-43DF-9736-8D0502F3BE9D}.Debug|Mixed Platforms.ActiveCfg = Debug|Any CPU
		{D03D3545-EB61-43DF-9736-8D0502F3BE9D}.Debug|Mixed Platforms.Build.0 = Debug|Any CPU
		{D03D3545-EB61-43DF-9736-8D0502F3BE9D}.Debug|x86.ActiveCfg = Debug|Any CPU
		{D03D3545-EB61-43DF-9736-8D0502F3BE9D}.Release|Any CPU.ActiveCfg = Release|Any CPU
		{D03D3545-EB61-43DF-9736-8D0502F3BE9D}.Release|Any CPU.Build.0 = Release|Any CPU
		{D03D3545-EB61-43DF-9736-8D0502F3BE9D}.Release|Mixed Platforms.ActiveCfg = Release|Any CPU
		{D03D3545-EB61-43DF-9736-8D0502F3BE9D}.Release|Mixed Platforms.Build.0 = Release|Any CPU
		{D03D3545-EB61-43DF-9736-8D0502F3BE9D}.Release|x86.ActiveCfg = Release|Any CPU
		{E1F12AC9-D4FB-4C9C-BF1F-712B1FE2E667}.Debug|Any CPU.ActiveCfg = Debug|Any CPU
		{E1F12AC9-D4FB-4C9C-BF1F-712B1FE2E667}.Debug|Any CPU.Build.0 = Debug|Any CPU
		{E1F12AC9-D4FB-4C9C-BF1F-712B1FE2E667}.Debug|Mixed Platforms.ActiveCfg = Debug|Any CPU
		{E1F12AC9-D4FB-4C9C-BF1F-712B1FE2E667}.Debug|Mixed Platforms.Build.0 = Debug|Any CPU
		{E1F12AC9-D4FB-4C9C-BF1F-712B1FE2E667}.Debug|x86.ActiveCfg = Debug|Any CPU
		{E1F12AC9-D4FB-4C9C-BF1F-712B1FE2E667}.Release|Any CPU.ActiveCfg = Release|Any CPU
		{E1F12AC9-D4FB-4C9C-BF1F-712B1FE2E667}.Release|Any CPU.Build.0 = Release|Any CPU
		{E1F12AC9-D4FB-4C9C-BF1F-712B1FE2E667}.Release|Mixed Platforms.ActiveCfg = Release|Any CPU
		{E1F12AC9-D4FB-4C9C-BF1F-712B1FE2E667}.Release|Mixed Platforms.Build.0 = Release|Any CPU
		{E1F12AC9-D4FB-4C9C-BF1F-712B1FE2E667}.Release|x86.ActiveCfg = Release|Any CPU
		{E13EFBD7-AAF9-46A4-A181-42303546C5DE}.Debug|Any CPU.ActiveCfg = Debug|x86
		{E13EFBD7-AAF9-46A4-A181-42303546C5DE}.Debug|Mixed Platforms.ActiveCfg = Debug|x86
		{E13EFBD7-AAF9-46A4-A181-42303546C5DE}.Debug|Mixed Platforms.Build.0 = Debug|x86
		{E13EFBD7-AAF9-46A4-A181-42303546C5DE}.Debug|x86.ActiveCfg = Debug|x86
		{E13EFBD7-AAF9-46A4-A181-42303546C5DE}.Debug|x86.Build.0 = Debug|x86
		{E13EFBD7-AAF9-46A4-A181-42303546C5DE}.Release|Any CPU.ActiveCfg = Release|x86
		{E13EFBD7-AAF9-46A4-A181-42303546C5DE}.Release|Mixed Platforms.ActiveCfg = Release|x86
		{E13EFBD7-AAF9-46A4-A181-42303546C5DE}.Release|Mixed Platforms.Build.0 = Release|x86
		{E13EFBD7-AAF9-46A4-A181-42303546C5DE}.Release|x86.ActiveCfg = Release|x86
		{E13EFBD7-AAF9-46A4-A181-42303546C5DE}.Release|x86.Build.0 = Release|x86
		{A8B9F624-4EEA-47BA-9D45-60933CCE623A}.Debug|Any CPU.ActiveCfg = Debug|Any CPU
		{A8B9F624-4EEA-47BA-9D45-60933CCE623A}.Debug|Any CPU.Build.0 = Debug|Any CPU
		{A8B9F624-4EEA-47BA-9D45-60933CCE623A}.Debug|Mixed Platforms.ActiveCfg = Debug|Any CPU
		{A8B9F624-4EEA-47BA-9D45-60933CCE623A}.Debug|Mixed Platforms.Build.0 = Debug|Any CPU
		{A8B9F624-4EEA-47BA-9D45-60933CCE623A}.Debug|x86.ActiveCfg = Debug|Any CPU
		{A8B9F624-4EEA-47BA-9D45-60933CCE623A}.Release|Any CPU.ActiveCfg = Release|Any CPU
		{A8B9F624-4EEA-47BA-9D45-60933CCE623A}.Release|Any CPU.Build.0 = Release|Any CPU
		{A8B9F624-4EEA-47BA-9D45-60933CCE623A}.Release|Mixed Platforms.ActiveCfg = Release|Any CPU
		{A8B9F624-4EEA-47BA-9D45-60933CCE623A}.Release|Mixed Platforms.Build.0 = Release|Any CPU
		{A8B9F624-4EEA-47BA-9D45-60933CCE623A}.Release|x86.ActiveCfg = Release|Any CPU
		{B84D139C-6E34-4513-BC05-5956779E5375}.Debug|Any CPU.ActiveCfg = Debug|Any CPU
		{B84D139C-6E34-4513-BC05-5956779E5375}.Debug|Any CPU.Build.0 = Debug|Any CPU
		{B84D139C-6E34-4513-BC05-5956779E5375}.Debug|Mixed Platforms.ActiveCfg = Debug|Any CPU
		{B84D139C-6E34-4513-BC05-5956779E5375}.Debug|Mixed Platforms.Build.0 = Debug|Any CPU
		{B84D139C-6E34-4513-BC05-5956779E5375}.Debug|x86.ActiveCfg = Debug|Any CPU
		{B84D139C-6E34-4513-BC05-5956779E5375}.Release|Any CPU.ActiveCfg = Release|Any CPU
		{B84D139C-6E34-4513-BC05-5956779E5375}.Release|Any CPU.Build.0 = Release|Any CPU
		{B84D139C-6E34-4513-BC05-5956779E5375}.Release|Mixed Platforms.ActiveCfg = Release|Any CPU
		{B84D139C-6E34-4513-BC05-5956779E5375}.Release|Mixed Platforms.Build.0 = Release|Any CPU
		{B84D139C-6E34-4513-BC05-5956779E5375}.Release|x86.ActiveCfg = Release|Any CPU
		{178E628C-C603-40BE-B7BA-BA096F9DA990}.Debug|Any CPU.ActiveCfg = Debug|Any CPU
		{178E628C-C603-40BE-B7BA-BA096F9DA990}.Debug|Any CPU.Build.0 = Debug|Any CPU
		{178E628C-C603-40BE-B7BA-BA096F9DA990}.Debug|Mixed Platforms.ActiveCfg = Debug|Any CPU
		{178E628C-C603-40BE-B7BA-BA096F9DA990}.Debug|Mixed Platforms.Build.0 = Debug|Any CPU
		{178E628C-C603-40BE-B7BA-BA096F9DA990}.Debug|x86.ActiveCfg = Debug|Any CPU
		{178E628C-C603-40BE-B7BA-BA096F9DA990}.Release|Any CPU.ActiveCfg = Release|Any CPU
		{178E628C-C603-40BE-B7BA-BA096F9DA990}.Release|Any CPU.Build.0 = Release|Any CPU
		{178E628C-C603-40BE-B7BA-BA096F9DA990}.Release|Mixed Platforms.ActiveCfg = Release|Any CPU
		{178E628C-C603-40BE-B7BA-BA096F9DA990}.Release|Mixed Platforms.Build.0 = Release|Any CPU
		{178E628C-C603-40BE-B7BA-BA096F9DA990}.Release|x86.ActiveCfg = Release|Any CPU
		{FA3D22CF-B2F1-47FE-9F89-97D7DB0D7B23}.Debug|Any CPU.ActiveCfg = Debug|x86
		{FA3D22CF-B2F1-47FE-9F89-97D7DB0D7B23}.Debug|Mixed Platforms.ActiveCfg = Debug|x86
		{FA3D22CF-B2F1-47FE-9F89-97D7DB0D7B23}.Debug|Mixed Platforms.Build.0 = Debug|x86
		{FA3D22CF-B2F1-47FE-9F89-97D7DB0D7B23}.Debug|x86.ActiveCfg = Debug|x86
		{FA3D22CF-B2F1-47FE-9F89-97D7DB0D7B23}.Debug|x86.Build.0 = Debug|x86
		{FA3D22CF-B2F1-47FE-9F89-97D7DB0D7B23}.Release|Any CPU.ActiveCfg = Release|x86
		{FA3D22CF-B2F1-47FE-9F89-97D7DB0D7B23}.Release|Mixed Platforms.ActiveCfg = Release|x86
		{FA3D22CF-B2F1-47FE-9F89-97D7DB0D7B23}.Release|Mixed Platforms.Build.0 = Release|x86
		{FA3D22CF-B2F1-47FE-9F89-97D7DB0D7B23}.Release|x86.ActiveCfg = Release|x86
		{FA3D22CF-B2F1-47FE-9F89-97D7DB0D7B23}.Release|x86.Build.0 = Release|x86
		{E3957CA2-171E-4D77-94A0-825331302414}.Debug|Any CPU.ActiveCfg = Debug|Any CPU
		{E3957CA2-171E-4D77-94A0-825331302414}.Debug|Any CPU.Build.0 = Debug|Any CPU
		{E3957CA2-171E-4D77-94A0-825331302414}.Debug|Mixed Platforms.ActiveCfg = Debug|Any CPU
		{E3957CA2-171E-4D77-94A0-825331302414}.Debug|Mixed Platforms.Build.0 = Debug|Any CPU
		{E3957CA2-171E-4D77-94A0-825331302414}.Debug|x86.ActiveCfg = Debug|Any CPU
		{E3957CA2-171E-4D77-94A0-825331302414}.Release|Any CPU.ActiveCfg = Release|Any CPU
		{E3957CA2-171E-4D77-94A0-825331302414}.Release|Any CPU.Build.0 = Release|Any CPU
		{E3957CA2-171E-4D77-94A0-825331302414}.Release|Mixed Platforms.ActiveCfg = Release|Any CPU
		{E3957CA2-171E-4D77-94A0-825331302414}.Release|Mixed Platforms.Build.0 = Release|Any CPU
		{E3957CA2-171E-4D77-94A0-825331302414}.Release|x86.ActiveCfg = Release|Any CPU
		{A5BEF2BC-2527-4FE1-B363-252A55319470}.Debug|Any CPU.ActiveCfg = Debug|Any CPU
		{A5BEF2BC-2527-4FE1-B363-252A55319470}.Debug|Any CPU.Build.0 = Debug|Any CPU
		{A5BEF2BC-2527-4FE1-B363-252A55319470}.Debug|Mixed Platforms.ActiveCfg = Debug|Any CPU
		{A5BEF2BC-2527-4FE1-B363-252A55319470}.Debug|Mixed Platforms.Build.0 = Debug|Any CPU
		{A5BEF2BC-2527-4FE1-B363-252A55319470}.Debug|x86.ActiveCfg = Debug|Any CPU
		{A5BEF2BC-2527-4FE1-B363-252A55319470}.Release|Any CPU.ActiveCfg = Release|Any CPU
		{A5BEF2BC-2527-4FE1-B363-252A55319470}.Release|Any CPU.Build.0 = Release|Any CPU
		{A5BEF2BC-2527-4FE1-B363-252A55319470}.Release|Mixed Platforms.ActiveCfg = Release|Any CPU
		{A5BEF2BC-2527-4FE1-B363-252A55319470}.Release|Mixed Platforms.Build.0 = Release|Any CPU
		{A5BEF2BC-2527-4FE1-B363-252A55319470}.Release|x86.ActiveCfg = Release|Any CPU
		{5BAB8A19-A3A4-4604-AA6F-3E42CA74922B}.Debug|Any CPU.ActiveCfg = Debug|Any CPU
		{5BAB8A19-A3A4-4604-AA6F-3E42CA74922B}.Debug|Any CPU.Build.0 = Debug|Any CPU
		{5BAB8A19-A3A4-4604-AA6F-3E42CA74922B}.Debug|Mixed Platforms.ActiveCfg = Debug|Any CPU
		{5BAB8A19-A3A4-4604-AA6F-3E42CA74922B}.Debug|Mixed Platforms.Build.0 = Debug|Any CPU
		{5BAB8A19-A3A4-4604-AA6F-3E42CA74922B}.Debug|x86.ActiveCfg = Debug|Any CPU
		{5BAB8A19-A3A4-4604-AA6F-3E42CA74922B}.Release|Any CPU.ActiveCfg = Release|Any CPU
		{5BAB8A19-A3A4-4604-AA6F-3E42CA74922B}.Release|Any CPU.Build.0 = Release|Any CPU
		{5BAB8A19-A3A4-4604-AA6F-3E42CA74922B}.Release|Mixed Platforms.ActiveCfg = Release|Any CPU
		{5BAB8A19-A3A4-4604-AA6F-3E42CA74922B}.Release|Mixed Platforms.Build.0 = Release|Any CPU
		{5BAB8A19-A3A4-4604-AA6F-3E42CA74922B}.Release|x86.ActiveCfg = Release|Any CPU
		{0CF546C4-652D-495B-A3A5-49F4D82E29B0}.Debug|Any CPU.ActiveCfg = Debug|Any CPU
		{0CF546C4-652D-495B-A3A5-49F4D82E29B0}.Debug|Any CPU.Build.0 = Debug|Any CPU
		{0CF546C4-652D-495B-A3A5-49F4D82E29B0}.Debug|Mixed Platforms.ActiveCfg = Debug|Any CPU
		{0CF546C4-652D-495B-A3A5-49F4D82E29B0}.Debug|Mixed Platforms.Build.0 = Debug|Any CPU
		{0CF546C4-652D-495B-A3A5-49F4D82E29B0}.Debug|x86.ActiveCfg = Debug|Any CPU
		{0CF546C4-652D-495B-A3A5-49F4D82E29B0}.Release|Any CPU.ActiveCfg = Release|Any CPU
		{0CF546C4-652D-495B-A3A5-49F4D82E29B0}.Release|Any CPU.Build.0 = Release|Any CPU
		{0CF546C4-652D-495B-A3A5-49F4D82E29B0}.Release|Mixed Platforms.ActiveCfg = Release|Any CPU
		{0CF546C4-652D-495B-A3A5-49F4D82E29B0}.Release|Mixed Platforms.Build.0 = Release|Any CPU
		{0CF546C4-652D-495B-A3A5-49F4D82E29B0}.Release|x86.ActiveCfg = Release|Any CPU
		{D1078074-30BB-425B-BCE1-E90EF6AE7DBE}.Debug|Any CPU.ActiveCfg = Debug|Any CPU
		{D1078074-30BB-425B-BCE1-E90EF6AE7DBE}.Debug|Any CPU.Build.0 = Debug|Any CPU
		{D1078074-30BB-425B-BCE1-E90EF6AE7DBE}.Debug|Mixed Platforms.ActiveCfg = Debug|Any CPU
		{D1078074-30BB-425B-BCE1-E90EF6AE7DBE}.Debug|Mixed Platforms.Build.0 = Debug|Any CPU
		{D1078074-30BB-425B-BCE1-E90EF6AE7DBE}.Debug|x86.ActiveCfg = Debug|Any CPU
		{D1078074-30BB-425B-BCE1-E90EF6AE7DBE}.Release|Any CPU.ActiveCfg = Release|Any CPU
		{D1078074-30BB-425B-BCE1-E90EF6AE7DBE}.Release|Any CPU.Build.0 = Release|Any CPU
		{D1078074-30BB-425B-BCE1-E90EF6AE7DBE}.Release|Mixed Platforms.ActiveCfg = Release|Any CPU
		{D1078074-30BB-425B-BCE1-E90EF6AE7DBE}.Release|Mixed Platforms.Build.0 = Release|Any CPU
		{D1078074-30BB-425B-BCE1-E90EF6AE7DBE}.Release|x86.ActiveCfg = Release|Any CPU
		{CE8C3719-D278-4675-9DA7-0DF6665F66CA}.Debug|Any CPU.ActiveCfg = Debug|Any CPU
		{CE8C3719-D278-4675-9DA7-0DF6665F66CA}.Debug|Any CPU.Build.0 = Debug|Any CPU
		{CE8C3719-D278-4675-9DA7-0DF6665F66CA}.Debug|Mixed Platforms.ActiveCfg = Debug|Any CPU
		{CE8C3719-D278-4675-9DA7-0DF6665F66CA}.Debug|Mixed Platforms.Build.0 = Debug|Any CPU
		{CE8C3719-D278-4675-9DA7-0DF6665F66CA}.Debug|x86.ActiveCfg = Debug|Any CPU
		{CE8C3719-D278-4675-9DA7-0DF6665F66CA}.Release|Any CPU.ActiveCfg = Release|Any CPU
		{CE8C3719-D278-4675-9DA7-0DF6665F66CA}.Release|Any CPU.Build.0 = Release|Any CPU
		{CE8C3719-D278-4675-9DA7-0DF6665F66CA}.Release|Mixed Platforms.ActiveCfg = Release|Any CPU
		{CE8C3719-D278-4675-9DA7-0DF6665F66CA}.Release|Mixed Platforms.Build.0 = Release|Any CPU
		{CE8C3719-D278-4675-9DA7-0DF6665F66CA}.Release|x86.ActiveCfg = Release|Any CPU
		{E0F529E6-987E-42DE-90B1-587AB93080E1}.Debug|Any CPU.ActiveCfg = Debug|Any CPU
		{E0F529E6-987E-42DE-90B1-587AB93080E1}.Debug|Any CPU.Build.0 = Debug|Any CPU
		{E0F529E6-987E-42DE-90B1-587AB93080E1}.Debug|Mixed Platforms.ActiveCfg = Debug|Any CPU
		{E0F529E6-987E-42DE-90B1-587AB93080E1}.Debug|Mixed Platforms.Build.0 = Debug|Any CPU
		{E0F529E6-987E-42DE-90B1-587AB93080E1}.Debug|x86.ActiveCfg = Debug|Any CPU
		{E0F529E6-987E-42DE-90B1-587AB93080E1}.Release|Any CPU.ActiveCfg = Release|Any CPU
		{E0F529E6-987E-42DE-90B1-587AB93080E1}.Release|Any CPU.Build.0 = Release|Any CPU
		{E0F529E6-987E-42DE-90B1-587AB93080E1}.Release|Mixed Platforms.ActiveCfg = Release|Any CPU
		{E0F529E6-987E-42DE-90B1-587AB93080E1}.Release|Mixed Platforms.Build.0 = Release|Any CPU
		{E0F529E6-987E-42DE-90B1-587AB93080E1}.Release|x86.ActiveCfg = Release|Any CPU
		{9E3282EF-7706-4627-98F8-D2E60FFAD360}.Debug|Any CPU.ActiveCfg = Debug|Any CPU
		{9E3282EF-7706-4627-98F8-D2E60FFAD360}.Debug|Any CPU.Build.0 = Debug|Any CPU
		{9E3282EF-7706-4627-98F8-D2E60FFAD360}.Debug|Mixed Platforms.ActiveCfg = Debug|Any CPU
		{9E3282EF-7706-4627-98F8-D2E60FFAD360}.Debug|Mixed Platforms.Build.0 = Debug|Any CPU
		{9E3282EF-7706-4627-98F8-D2E60FFAD360}.Debug|x86.ActiveCfg = Debug|Any CPU
		{9E3282EF-7706-4627-98F8-D2E60FFAD360}.Release|Any CPU.ActiveCfg = Release|Any CPU
		{9E3282EF-7706-4627-98F8-D2E60FFAD360}.Release|Any CPU.Build.0 = Release|Any CPU
		{9E3282EF-7706-4627-98F8-D2E60FFAD360}.Release|Mixed Platforms.ActiveCfg = Release|Any CPU
		{9E3282EF-7706-4627-98F8-D2E60FFAD360}.Release|Mixed Platforms.Build.0 = Release|Any CPU
		{9E3282EF-7706-4627-98F8-D2E60FFAD360}.Release|x86.ActiveCfg = Release|Any CPU
	EndGlobalSection
	GlobalSection(SolutionProperties) = preSolution
		HideSolutionNode = FALSE
	EndGlobalSection
EndGlobal
